
Microsoft Visual Studio Solution File, Format Version 12.00
# Visual Studio Version 17
VisualStudioVersion = 17.8.34330.188
MinimumVisualStudioVersion = 10.0.40219.1
Project("{9A19103F-16F7-4668-BE54-9A1E7A4F7556}") = "EmployeeManagement", "EmployeeManagement\EmployeeManagement.csproj", "{C2DE7158-9686-4D95-BAEA-AD3AC93E3B3D}"
EndProject
Project("{FAE04EC0-301F-11D3-BF4B-00C04F79EFBC}") = "EmployeeManagement.Tests", "EmployeeManagement.Tests\EmployeeManagement.Tests.csproj", "{1350E53E-B237-4961-A69A-0C5E956FCB87}"
EndProject
Global
	GlobalSection(SolutionConfigurationPlatforms) = preSolution
		Debug|Any CPU = Debug|Any CPU
		Release|Any CPU = Release|Any CPU
	EndGlobalSection
	GlobalSection(ProjectConfigurationPlatforms) = postSolution
		{C2DE7158-9686-4D95-BAEA-AD3AC93E3B3D}.Debug|Any CPU.ActiveCfg = Debug|Any CPU
		{C2DE7158-9686-4D95-BAEA-AD3AC93E3B3D}.Debug|Any CPU.Build.0 = Debug|Any CPU
		{C2DE7158-9686-4D95-BAEA-AD3AC93E3B3D}.Release|Any CPU.ActiveCfg = Release|Any CPU
		{C2DE7158-9686-4D95-BAEA-AD3AC93E3B3D}.Release|Any CPU.Build.0 = Release|Any CPU
		{1350E53E-B237-4961-A69A-0C5E956FCB87}.Debug|Any CPU.ActiveCfg = Debug|Any CPU
		{1350E53E-B237-4961-A69A-0C5E956FCB87}.Debug|Any CPU.Build.0 = Debug|Any CPU
		{1350E53E-B237-4961-A69A-0C5E956FCB87}.Release|Any CPU.ActiveCfg = Release|Any CPU
		{1350E53E-B237-4961-A69A-0C5E956FCB87}.Release|Any CPU.Build.0 = Release|Any CPU
	EndGlobalSection
	GlobalSection(SolutionProperties) = preSolution
		HideSolutionNode = FALSE
	EndGlobalSection
	GlobalSection(ExtensibilityGlobals) = postSolution
		SolutionGuid = {63E41C2B-D6BA-4FA4-9013-1B8B329618AE}
	EndGlobalSection
EndGlobal
